
Microsoft Visual Studio Solution File, Format Version 12.00
# Visual Studio Version 17
VisualStudioVersion = 17.11.35219.272
MinimumVisualStudioVersion = 10.0.40219.1
Project("{FAE04EC0-301F-11D3-BF4B-00C04F79EFBC}") = "ASC.Web", "ASC.Web\ASC.Web.csproj", "{0F4B90D8-A774-4CDD-8389-792111157DC0}"
EndProject
Global
	GlobalSection(SolutionConfigurationPlatforms) = preSolution
		Debug|Any CPU = Debug|Any CPU
		Release|Any CPU = Release|Any CPU
	EndGlobalSection
	GlobalSection(ProjectConfigurationPlatforms) = postSolution
		{0F4B90D8-A774-4CDD-8389-792111157DC0}.Debug|Any CPU.ActiveCfg = Debug|Any CPU
		{0F4B90D8-A774-4CDD-8389-792111157DC0}.Debug|Any CPU.Build.0 = Debug|Any CPU
		{0F4B90D8-A774-4CDD-8389-792111157DC0}.Release|Any CPU.ActiveCfg = Release|Any CPU
		{0F4B90D8-A774-4CDD-8389-792111157DC0}.Release|Any CPU.Build.0 = Release|Any CPU
	EndGlobalSection
	GlobalSection(SolutionProperties) = preSolution
		HideSolutionNode = FALSE
	EndGlobalSection
	GlobalSection(ExtensibilityGlobals) = postSolution
		SolutionGuid = {B5FB19C8-BDAB-48CF-B1A2-A6E46E67E950}
	EndGlobalSection
EndGlobal
